
Microsoft Visual Studio Solution File, Format Version 12.00
# Visual Studio Version 17
VisualStudioVersion = 17.6.33829.357
MinimumVisualStudioVersion = 10.0.40219.1
Project("{9A19103F-16F7-4668-BE54-9A1E7A4F7556}") = "AccountStorage.Service", "AccountStorage.Service\AccountStorage.Service.csproj", "{5ED68856-E40B-4E1B-9141-A05EF9426205}"
EndProject
Project("{9A19103F-16F7-4668-BE54-9A1E7A4F7556}") = "AccountStorage.Clients.WebClients", "AccountStorage.Clients.WebClients\AccountStorage.Clients.WebClients.csproj", "{CA058051-62B8-475E-8293-7266ED44144C}"
EndProject
Project("{9A19103F-16F7-4668-BE54-9A1E7A4F7556}") = "AccountStorage.Test", "AccountStorage.Test\AccountStorage.Test.csproj", "{D975E9E3-FD34-4686-8E82-200407E5F44B}"
EndProject
Global
	GlobalSection(SolutionConfigurationPlatforms) = preSolution
		Debug|Any CPU = Debug|Any CPU
		Release|Any CPU = Release|Any CPU
	EndGlobalSection
	GlobalSection(ProjectConfigurationPlatforms) = postSolution
		{5ED68856-E40B-4E1B-9141-A05EF9426205}.Debug|Any CPU.ActiveCfg = Debug|Any CPU
		{5ED68856-E40B-4E1B-9141-A05EF9426205}.Debug|Any CPU.Build.0 = Debug|Any CPU
		{5ED68856-E40B-4E1B-9141-A05EF9426205}.Release|Any CPU.ActiveCfg = Release|Any CPU
		{5ED68856-E40B-4E1B-9141-A05EF9426205}.Release|Any CPU.Build.0 = Release|Any CPU
		{CA058051-62B8-475E-8293-7266ED44144C}.Debug|Any CPU.ActiveCfg = Debug|Any CPU
		{CA058051-62B8-475E-8293-7266ED44144C}.Debug|Any CPU.Build.0 = Debug|Any CPU
		{CA058051-62B8-475E-8293-7266ED44144C}.Release|Any CPU.ActiveCfg = Release|Any CPU
		{CA058051-62B8-475E-8293-7266ED44144C}.Release|Any CPU.Build.0 = Release|Any CPU
		{D975E9E3-FD34-4686-8E82-200407E5F44B}.Debug|Any CPU.ActiveCfg = Debug|Any CPU
		{D975E9E3-FD34-4686-8E82-200407E5F44B}.Debug|Any CPU.Build.0 = Debug|Any CPU
		{D975E9E3-FD34-4686-8E82-200407E5F44B}.Release|Any CPU.ActiveCfg = Release|Any CPU
		{D975E9E3-FD34-4686-8E82-200407E5F44B}.Release|Any CPU.Build.0 = Release|Any CPU
	EndGlobalSection
	GlobalSection(SolutionProperties) = preSolution
		HideSolutionNode = FALSE
	EndGlobalSection
	GlobalSection(ExtensibilityGlobals) = postSolution
		SolutionGuid = {6BE4128F-27DA-422D-8721-AC92D73521E6}
	EndGlobalSection
EndGlobal
