
Microsoft Visual Studio Solution File, Format Version 12.00
# Visual Studio Version 17
VisualStudioVersion = 17.6.33829.357
MinimumVisualStudioVersion = 10.0.40219.1
Project("{FAE04EC0-301F-11D3-BF4B-00C04F79EFBC}") = "AccountStorage", "AccountStorage\AccountStorage.csproj", "{E4DCAFA5-F475-4B30-BC03-322628BA5101}"
EndProject
Project("{FAE04EC0-301F-11D3-BF4B-00C04F79EFBC}") = "AccountStorage.Service", "AccountStorage.Service\AccountStorage.Service.csproj", "{5ED68856-E40B-4E1B-9141-A05EF9426205}"
EndProject
Global
	GlobalSection(SolutionConfigurationPlatforms) = preSolution
		Debug|Any CPU = Debug|Any CPU
		Release|Any CPU = Release|Any CPU
	EndGlobalSection
	GlobalSection(ProjectConfigurationPlatforms) = postSolution
		{E4DCAFA5-F475-4B30-BC03-322628BA5101}.Debug|Any CPU.ActiveCfg = Debug|Any CPU
		{E4DCAFA5-F475-4B30-BC03-322628BA5101}.Debug|Any CPU.Build.0 = Debug|Any CPU
		{E4DCAFA5-F475-4B30-BC03-322628BA5101}.Release|Any CPU.ActiveCfg = Release|Any CPU
		{E4DCAFA5-F475-4B30-BC03-322628BA5101}.Release|Any CPU.Build.0 = Release|Any CPU
		{5ED68856-E40B-4E1B-9141-A05EF9426205}.Debug|Any CPU.ActiveCfg = Debug|Any CPU
		{5ED68856-E40B-4E1B-9141-A05EF9426205}.Debug|Any CPU.Build.0 = Debug|Any CPU
		{5ED68856-E40B-4E1B-9141-A05EF9426205}.Release|Any CPU.ActiveCfg = Release|Any CPU
		{5ED68856-E40B-4E1B-9141-A05EF9426205}.Release|Any CPU.Build.0 = Release|Any CPU
	EndGlobalSection
	GlobalSection(SolutionProperties) = preSolution
		HideSolutionNode = FALSE
	EndGlobalSection
	GlobalSection(ExtensibilityGlobals) = postSolution
		SolutionGuid = {6BE4128F-27DA-422D-8721-AC92D73521E6}
	EndGlobalSection
EndGlobal
